{
  "name": "counters",
  "lockfileVersion": 3,
  "requires": true,
  "packages": {
    "": {
      "dependencies": {
        "@fontsource/lato": "^5.1.0"
      }
    },
    "node_modules/@fontsource/lato": {
      "version": "5.1.0",
      "resolved": "https://registry.npmjs.org/@fontsource/lato/-/lato-5.1.0.tgz",
      "integrity": "sha512-wYa/DeUS/WuaJoR/vY+v74W6gtOm98DgoRdSj4FuMXe0E0XYGAEVOgh+DxusJR3EglRZU6ZZDF7vZ881vV1KGA=="
    }
  }
}
